
Microsoft Visual Studio Solution File, Format Version 12.00
# Visual Studio 2012
Project("{FAE04EC0-301F-11D3-BF4B-00C04F79EFBC}") = "HellYes", "HellYes\HellYes.csproj", "{F44CE7B8-A0E4-4FB1-961C-DEC3A91DB311}"
EndProject
Global
	GlobalSection(SolutionConfigurationPlatforms) = preSolution
		Debug|Any CPU = Debug|Any CPU
		Release|Any CPU = Release|Any CPU
	EndGlobalSection
	GlobalSection(ProjectConfigurationPlatforms) = postSolution
		{F44CE7B8-A0E4-4FB1-961C-DEC3A91DB311}.Debug|Any CPU.ActiveCfg = Debug|Any CPU
		{F44CE7B8-A0E4-4FB1-961C-DEC3A91DB311}.Debug|Any CPU.Build.0 = Debug|Any CPU
		{F44CE7B8-A0E4-4FB1-961C-DEC3A91DB311}.Release|Any CPU.ActiveCfg = Release|Any CPU
		{F44CE7B8-A0E4-4FB1-961C-DEC3A91DB311}.Release|Any CPU.Build.0 = Release|Any CPU
	EndGlobalSection
EndGlobal
